
Microsoft Visual Studio Solution File, Format Version 12.00
# Visual Studio Version 16
VisualStudioVersion = 16.0.29326.143
MinimumVisualStudioVersion = 15.0.26124.0
Project("{9A19103F-16F7-4668-BE54-9A1E7A4F7556}") = "aws-cd-pipeline", "src\aws-cd-pipeline\aws-cd-pipeline.csproj", "{10D1C98C-64BF-4773-97C9-245AB15F7845}"
EndProject
Global
	GlobalSection(SolutionConfigurationPlatforms) = preSolution
		Debug|Any CPU = Debug|Any CPU
		Debug|x64 = Debug|x64
		Debug|x86 = Debug|x86
		Release|Any CPU = Release|Any CPU
		Release|x64 = Release|x64
		Release|x86 = Release|x86
	EndGlobalSection
	GlobalSection(ProjectConfigurationPlatforms) = postSolution
		{10D1C98C-64BF-4773-97C9-245AB15F7845}.Debug|Any CPU.ActiveCfg = Debug|Any CPU
		{10D1C98C-64BF-4773-97C9-245AB15F7845}.Debug|Any CPU.Build.0 = Debug|Any CPU
		{10D1C98C-64BF-4773-97C9-245AB15F7845}.Debug|x64.ActiveCfg = Debug|Any CPU
		{10D1C98C-64BF-4773-97C9-245AB15F7845}.Debug|x64.Build.0 = Debug|Any CPU
		{10D1C98C-64BF-4773-97C9-245AB15F7845}.Debug|x86.ActiveCfg = Debug|Any CPU
		{10D1C98C-64BF-4773-97C9-245AB15F7845}.Debug|x86.Build.0 = Debug|Any CPU
		{10D1C98C-64BF-4773-97C9-245AB15F7845}.Release|Any CPU.ActiveCfg = Release|Any CPU
		{10D1C98C-64BF-4773-97C9-245AB15F7845}.Release|Any CPU.Build.0 = Release|Any CPU
		{10D1C98C-64BF-4773-97C9-245AB15F7845}.Release|x64.ActiveCfg = Release|Any CPU
		{10D1C98C-64BF-4773-97C9-245AB15F7845}.Release|x64.Build.0 = Release|Any CPU
		{10D1C98C-64BF-4773-97C9-245AB15F7845}.Release|x86.ActiveCfg = Release|Any CPU
		{10D1C98C-64BF-4773-97C9-245AB15F7845}.Release|x86.Build.0 = Release|Any CPU
	EndGlobalSection
	GlobalSection(SolutionProperties) = preSolution
		HideSolutionNode = FALSE
	EndGlobalSection
	GlobalSection(ExtensibilityGlobals) = postSolution
		SolutionGuid = {36BF0F82-0F82-4603-80D5-931BC65CCB0C}
	EndGlobalSection
EndGlobal
